// !$*UTF8*$!
{
	archiveVersion = 1;
	classes = {
	};
	objectVersion = 55;
	objects = {

/* Begin PBXBuildFile section */
		A1000001 /* NanaPoppyApp.swift in Sources */ = {isa = PBXBuildFile; fileRef = A1000000 /* NanaPoppyApp.swift */; };
		A1000003 /* Models/WeatherResponse.swift in Sources */ = {isa = PBXBuildFile; fileRef = A1000002 /* Models/WeatherResponse.swift */; };
		A1000005 /* Services/AudioDownloader.swift in Sources */ = {isa = PBXBuildFile; fileRef = A1000004 /* Services/AudioDownloader.swift */; };
		A1000007 /* Services/AudioPlayer.swift in Sources */ = {isa = PBXBuildFile; fileRef = A1000006 /* Services/AudioPlayer.swift */; };
		A1000009 /* Services/SettingsRepository.swift in Sources */ = {isa = PBXBuildFile; fileRef = A1000008 /* Services/SettingsRepository.swift */; };
		A100000B /* Services/WeatherService.swift in Sources */ = {isa = PBXBuildFile; fileRef = A100000A /* Services/WeatherService.swift */; };
		A100000D /* Utils/ChildSelector.swift in Sources */ = {isa = PBXBuildFile; fileRef = A100000C /* Utils/ChildSelector.swift */; };
		A100000F /* Utils/MessageGenerator.swift in Sources */ = {isa = PBXBuildFile; fileRef = A100000E /* Utils/MessageGenerator.swift */; };
		A1000011 /* Utils/NumberToWords.swift in Sources */ = {isa = PBXBuildFile; fileRef = A1000010 /* Utils/NumberToWords.swift */; };
		A1000013 /* ViewModels/MainViewModel.swift in Sources */ = {isa = PBXBuildFile; fileRef = A1000012 /* ViewModels/MainViewModel.swift */; };
		A1000015 /* ViewModels/SettingsViewModel.swift in Sources */ = {isa = PBXBuildFile; fileRef = A1000014 /* ViewModels/SettingsViewModel.swift */; };
		A1000017 /* Views/ContentView.swift in Sources */ = {isa = PBXBuildFile; fileRef = A1000016 /* Views/ContentView.swift */; };
		A1000019 /* Views/SettingsView.swift in Sources */ = {isa = PBXBuildFile; fileRef = A1000018 /* Views/SettingsView.swift */; };
		A100001B /* Resources/phrase-list.txt in Resources */ = {isa = PBXBuildFile; fileRef = A100001A /* Resources/phrase-list.txt */; };
		A100001D /* Services/WeatherServiceTests.swift in Sources */ = {isa = PBXBuildFile; fileRef = A100001C /* Services/WeatherServiceTests.swift */; };
		A100001F /* Utils/ChildSelectorTests.swift in Sources */ = {isa = PBXBuildFile; fileRef = A100001E /* Utils/ChildSelectorTests.swift */; };
		A1000021 /* Utils/MessageGeneratorTests.swift in Sources */ = {isa = PBXBuildFile; fileRef = A1000020 /* Utils/MessageGeneratorTests.swift */; };
		A1000023 /* Utils/NumberToWordsTests.swift in Sources */ = {isa = PBXBuildFile; fileRef = A1000022 /* Utils/NumberToWordsTests.swift */; };
		A1000025 /* ViewModels/MainViewModelTests.swift in Sources */ = {isa = PBXBuildFile; fileRef = A1000024 /* ViewModels/MainViewModelTests.swift */; };
		A1000044 /* Services/AudioDownloaderIntegrationTests.swift in Sources */ = {isa = PBXBuildFile; fileRef = A1000043 /* Services/AudioDownloaderIntegrationTests.swift */; };
		A1000046 /* Utils/KeychainHelper.swift in Sources */ = {isa = PBXBuildFile; fileRef = A1000045 /* Utils/KeychainHelper.swift */; };
		A1000048 /* Assets.xcassets in Resources */ = {isa = PBXBuildFile; fileRef = A1000047 /* Assets.xcassets */; };
		DA0771042F7B141C005BBFCD /* ZIPFoundation in Frameworks */ = {isa = PBXBuildFile; productRef = A1000042 /* ZIPFoundation */; };
/* End PBXBuildFile section */

/* Begin PBXContainerItemProxy section */
		A1000027 /* PBXContainerItemProxy */ = {
			isa = PBXContainerItemProxy;
			containerPortal = A1000026 /* Project object */;
			proxyType = 1;
			remoteGlobalIDString = A1000028;
			remoteInfo = NanaPoppy;
		};
/* End PBXContainerItemProxy section */

/* Begin PBXFileReference section */
		A1000000 /* NanaPoppyApp.swift */ = {isa = PBXFileReference; lastKnownFileType = sourcecode.swift; path = NanaPoppyApp.swift; sourceTree = "<group>"; };
		A1000002 /* Models/WeatherResponse.swift */ = {isa = PBXFileReference; lastKnownFileType = sourcecode.swift; path = Models/WeatherResponse.swift; sourceTree = "<group>"; };
		A1000004 /* Services/AudioDownloader.swift */ = {isa = PBXFileReference; lastKnownFileType = sourcecode.swift; path = Services/AudioDownloader.swift; sourceTree = "<group>"; };
		A1000006 /* Services/AudioPlayer.swift */ = {isa = PBXFileReference; lastKnownFileType = sourcecode.swift; path = Services/AudioPlayer.swift; sourceTree = "<group>"; };
		A1000008 /* Services/SettingsRepository.swift */ = {isa = PBXFileReference; lastKnownFileType = sourcecode.swift; path = Services/SettingsRepository.swift; sourceTree = "<group>"; };
		A100000A /* Services/WeatherService.swift */ = {isa = PBXFileReference; lastKnownFileType = sourcecode.swift; path = Services/WeatherService.swift; sourceTree = "<group>"; };
		A100000C /* Utils/ChildSelector.swift */ = {isa = PBXFileReference; lastKnownFileType = sourcecode.swift; path = Utils/ChildSelector.swift; sourceTree = "<group>"; };
		A100000E /* Utils/MessageGenerator.swift */ = {isa = PBXFileReference; lastKnownFileType = sourcecode.swift; path = Utils/MessageGenerator.swift; sourceTree = "<group>"; };
		A1000010 /* Utils/NumberToWords.swift */ = {isa = PBXFileReference; lastKnownFileType = sourcecode.swift; path = Utils/NumberToWords.swift; sourceTree = "<group>"; };
		A1000012 /* ViewModels/MainViewModel.swift */ = {isa = PBXFileReference; lastKnownFileType = sourcecode.swift; path = ViewModels/MainViewModel.swift; sourceTree = "<group>"; };
		A1000014 /* ViewModels/SettingsViewModel.swift */ = {isa = PBXFileReference; lastKnownFileType = sourcecode.swift; path = ViewModels/SettingsViewModel.swift; sourceTree = "<group>"; };
		A1000016 /* Views/ContentView.swift */ = {isa = PBXFileReference; lastKnownFileType = sourcecode.swift; path = Views/ContentView.swift; sourceTree = "<group>"; };
		A1000018 /* Views/SettingsView.swift */ = {isa = PBXFileReference; lastKnownFileType = sourcecode.swift; path = Views/SettingsView.swift; sourceTree = "<group>"; };
		A100001A /* Resources/phrase-list.txt */ = {isa = PBXFileReference; lastKnownFileType = text; path = "Resources/phrase-list.txt"; sourceTree = "<group>"; };
		A100001C /* Services/WeatherServiceTests.swift */ = {isa = PBXFileReference; lastKnownFileType = sourcecode.swift; path = Services/WeatherServiceTests.swift; sourceTree = "<group>"; };
		A100001E /* Utils/ChildSelectorTests.swift */ = {isa = PBXFileReference; lastKnownFileType = sourcecode.swift; path = Utils/ChildSelectorTests.swift; sourceTree = "<group>"; };
		A1000020 /* Utils/MessageGeneratorTests.swift */ = {isa = PBXFileReference; lastKnownFileType = sourcecode.swift; path = Utils/MessageGeneratorTests.swift; sourceTree = "<group>"; };
		A1000022 /* Utils/NumberToWordsTests.swift */ = {isa = PBXFileReference; lastKnownFileType = sourcecode.swift; path = Utils/NumberToWordsTests.swift; sourceTree = "<group>"; };
		A1000024 /* ViewModels/MainViewModelTests.swift */ = {isa = PBXFileReference; lastKnownFileType = sourcecode.swift; path = ViewModels/MainViewModelTests.swift; sourceTree = "<group>"; };
		A1000029 /* NanaPoppy.app */ = {isa = PBXFileReference; explicitFileType = wrapper.application; includeInIndex = 0; path = NanaPoppy.app; sourceTree = BUILT_PRODUCTS_DIR; };
		A100002B /* NanaPoppyTests.xctest */ = {isa = PBXFileReference; explicitFileType = wrapper.cfbundle; includeInIndex = 0; path = NanaPoppyTests.xctest; sourceTree = BUILT_PRODUCTS_DIR; };
		A1000043 /* Services/AudioDownloaderIntegrationTests.swift */ = {isa = PBXFileReference; lastKnownFileType = sourcecode.swift; path = Services/AudioDownloaderIntegrationTests.swift; sourceTree = "<group>"; };
		A1000045 /* Utils/KeychainHelper.swift */ = {isa = PBXFileReference; lastKnownFileType = sourcecode.swift; path = Utils/KeychainHelper.swift; sourceTree = "<group>"; };
		A1000047 /* Assets.xcassets */ = {isa = PBXFileReference; lastKnownFileType = folder.assetcatalog; path = Assets.xcassets; sourceTree = "<group>"; };
/* End PBXFileReference section */

/* Begin PBXFrameworksBuildPhase section */
		A100002C /* Frameworks */ = {
			isa = PBXFrameworksBuildPhase;
			buildActionMask = 2147483647;
			files = (
				DA0771042F7B141C005BBFCD /* ZIPFoundation in Frameworks */,
			);
			runOnlyForDeploymentPostprocessing = 0;
		};
		A100002D /* Frameworks */ = {
			isa = PBXFrameworksBuildPhase;
			buildActionMask = 2147483647;
			files = (
			);
			runOnlyForDeploymentPostprocessing = 0;
		};
/* End PBXFrameworksBuildPhase section */

/* Begin PBXGroup section */
		A100002E /* NanaPoppy */ = {
			isa = PBXGroup;
			children = (
				A1000000 /* NanaPoppyApp.swift */,
				A1000002 /* Models/WeatherResponse.swift */,
				A1000004 /* Services/AudioDownloader.swift */,
				A1000006 /* Services/AudioPlayer.swift */,
				A1000008 /* Services/SettingsRepository.swift */,
				A1000045 /* Utils/KeychainHelper.swift */,
				A100000A /* Services/WeatherService.swift */,
				A100000C /* Utils/ChildSelector.swift */,
				A100000E /* Utils/MessageGenerator.swift */,
				A1000010 /* Utils/NumberToWords.swift */,
				A1000012 /* ViewModels/MainViewModel.swift */,
				A1000014 /* ViewModels/SettingsViewModel.swift */,
				A1000016 /* Views/ContentView.swift */,
				A1000018 /* Views/SettingsView.swift */,
				A100001A /* Resources/phrase-list.txt */,
				A1000047 /* Assets.xcassets */,
			);
			path = NanaPoppy;
			sourceTree = "<group>";
		};
		A100002F /* NanaPoppyTests */ = {
			isa = PBXGroup;
			children = (
				A1000043 /* Services/AudioDownloaderIntegrationTests.swift */,
				A100001C /* Services/WeatherServiceTests.swift */,
				A100001E /* Utils/ChildSelectorTests.swift */,
				A1000020 /* Utils/MessageGeneratorTests.swift */,
				A1000022 /* Utils/NumberToWordsTests.swift */,
				A1000024 /* ViewModels/MainViewModelTests.swift */,
			);
			path = NanaPoppyTests;
			sourceTree = "<group>";
		};
		A1000030 /* Products */ = {
			isa = PBXGroup;
			children = (
				A1000029 /* NanaPoppy.app */,
				A100002B /* NanaPoppyTests.xctest */,
			);
			name = Products;
			sourceTree = "<group>";
		};
		A1000031 = {
			isa = PBXGroup;
			children = (
				A100002E /* NanaPoppy */,
				A100002F /* NanaPoppyTests */,
				A1000030 /* Products */,
			);
			sourceTree = "<group>";
		};
/* End PBXGroup section */

/* Begin PBXNativeTarget section */
		A1000028 /* NanaPoppy */ = {
			isa = PBXNativeTarget;
			buildConfigurationList = A1000032 /* Build configuration list for PBXNativeTarget "NanaPoppy" */;
			buildPhases = (
				A1000033 /* Sources */,
				A100002C /* Frameworks */,
				A1000034 /* Resources */,
			);
			buildRules = (
			);
			dependencies = (
			);
			name = NanaPoppy;
			packageProductDependencies = (
				A1000042 /* ZIPFoundation */,
			);
			productName = NanaPoppy;
			productReference = A1000029 /* NanaPoppy.app */;
			productType = "com.apple.product-type.application";
		};
		A1000035 /* NanaPoppyTests */ = {
			isa = PBXNativeTarget;
			buildConfigurationList = A1000036 /* Build configuration list for PBXNativeTarget "NanaPoppyTests" */;
			buildPhases = (
				A1000037 /* Sources */,
				A100002D /* Frameworks */,
				A1000038 /* Resources */,
			);
			buildRules = (
			);
			dependencies = (
				A1000039 /* PBXTargetDependency */,
			);
			name = NanaPoppyTests;
			productName = NanaPoppyTests;
			productReference = A100002B /* NanaPoppyTests.xctest */;
			productType = "com.apple.product-type.bundle.unit-test";
		};
/* End PBXNativeTarget section */

/* Begin PBXProject section */
		A1000026 /* Project object */ = {
			isa = PBXProject;
			attributes = {
				LastSwiftUpdateCheck = 1320;
				LastUpgradeCheck = 1320;
				TargetAttributes = {
					A1000028 = {
						CreatedOnToolsVersion = 13.2;
					};
					A1000035 = {
						CreatedOnToolsVersion = 13.2;
						TestTargetID = A1000028;
					};
				};
			};
			buildConfigurationList = A100003A /* Build configuration list for PBXProject "NanaPoppy" */;
			compatibilityVersion = "Xcode 13.0";
			developmentRegion = en;
			hasScannedForEncodings = 0;
			knownRegions = (
				en,
				Base,
			);
			mainGroup = A1000031;
			packageReferences = (
				A1000041 /* XCRemoteSwiftPackageReference "ZIPFoundation" */,
			);
			productRefGroup = A1000030 /* Products */;
			projectDirPath = "";
			projectRoot = "";
			targets = (
				A1000028 /* NanaPoppy */,
				A1000035 /* NanaPoppyTests */,
			);
		};
/* End PBXProject section */

/* Begin PBXResourcesBuildPhase section */
		A1000034 /* Resources */ = {
			isa = PBXResourcesBuildPhase;
			buildActionMask = 2147483647;
			files = (
				A100001B /* Resources/phrase-list.txt in Resources */,
				A1000048 /* Assets.xcassets in Resources */,
			);
			runOnlyForDeploymentPostprocessing = 0;
		};
		A1000038 /* Resources */ = {
			isa = PBXResourcesBuildPhase;
			buildActionMask = 2147483647;
			files = (
			);
			runOnlyForDeploymentPostprocessing = 0;
		};
/* End PBXResourcesBuildPhase section */

/* Begin PBXSourcesBuildPhase section */
		A1000033 /* Sources */ = {
			isa = PBXSourcesBuildPhase;
			buildActionMask = 2147483647;
			files = (
				A1000001 /* NanaPoppyApp.swift in Sources */,
				A1000003 /* Models/WeatherResponse.swift in Sources */,
				A1000005 /* Services/AudioDownloader.swift in Sources */,
				A1000007 /* Services/AudioPlayer.swift in Sources */,
				A1000009 /* Services/SettingsRepository.swift in Sources */,
				A1000046 /* Utils/KeychainHelper.swift in Sources */,
				A100000B /* Services/WeatherService.swift in Sources */,
				A100000D /* Utils/ChildSelector.swift in Sources */,
				A100000F /* Utils/MessageGenerator.swift in Sources */,
				A1000011 /* Utils/NumberToWords.swift in Sources */,
				A1000013 /* ViewModels/MainViewModel.swift in Sources */,
				A1000015 /* ViewModels/SettingsViewModel.swift in Sources */,
				A1000017 /* Views/ContentView.swift in Sources */,
				A1000019 /* Views/SettingsView.swift in Sources */,
			);
			runOnlyForDeploymentPostprocessing = 0;
		};
		A1000037 /* Sources */ = {
			isa = PBXSourcesBuildPhase;
			buildActionMask = 2147483647;
			files = (
				A1000044 /* Services/AudioDownloaderIntegrationTests.swift in Sources */,
				A100001D /* Services/WeatherServiceTests.swift in Sources */,
				A100001F /* Utils/ChildSelectorTests.swift in Sources */,
				A1000021 /* Utils/MessageGeneratorTests.swift in Sources */,
				A1000023 /* Utils/NumberToWordsTests.swift in Sources */,
				A1000025 /* ViewModels/MainViewModelTests.swift in Sources */,
			);
			runOnlyForDeploymentPostprocessing = 0;
		};
/* End PBXSourcesBuildPhase section */

/* Begin PBXTargetDependency section */
		A1000039 /* PBXTargetDependency */ = {
			isa = PBXTargetDependency;
			target = A1000028 /* NanaPoppy */;
			targetProxy = A1000027 /* PBXContainerItemProxy */;
		};
/* End PBXTargetDependency section */

/* Begin XCBuildConfiguration section */
		A100003B /* Debug */ = {
			isa = XCBuildConfiguration;
			buildSettings = {
				ALWAYS_SEARCH_USER_PATHS = NO;
				CLANG_ANALYZER_NONNULL = YES;
				CLANG_ANALYZER_NUMBER_OBJECT_CONVERSION = YES_AGGRESSIVE;
				CLANG_CXX_LANGUAGE_STANDARD = "gnu++17";
				CLANG_CXX_LIBRARY = "libc++";
				CLANG_ENABLE_MODULES = YES;
				CLANG_ENABLE_OBJC_ARC = YES;
				CLANG_ENABLE_OBJC_WEAK = YES;
				CLANG_WARN_BLOCK_CAPTURE_AUTORELEASING = YES;
				CLANG_WARN_BOOL_CONVERSION = YES;
				CLANG_WARN_COMMA = YES;
				CLANG_WARN_CONSTANT_CONVERSION = YES;
				CLANG_WARN_DEPRECATED_OBJC_PRIVATE_API = YES;
				CLANG_WARN_DIRECT_OBJC_ISA_USAGE = YES_ERROR;
				CLANG_WARN_DOCUMENTATION_COMMENTS = YES;
				CLANG_WARN_EMPTY_BODY = YES;
				CLANG_WARN_ENUM_CONVERSION = YES;
				CLANG_WARN_INFINITE_RECURSION = YES;
				CLANG_WARN_INT_CONVERSION = YES;
				CLANG_WARN_NON_LITERAL_NULL_CONVERSION = YES;
				CLANG_WARN_OBJC_IMPLICIT_RETAIN_SELF = YES;
				CLANG_WARN_OBJC_LITERAL_CONVERSION = YES;
				CLANG_WARN_OBJC_ROOT_CLASS = YES_ERROR;
				CLANG_WARN_QUOTED_INCLUDE_IN_FRAMEWORK_HEADER = YES;
				CLANG_WARN_RANGE_LOOP_ANALYSIS = YES;
				CLANG_WARN_STRICT_PROTOTYPES = YES;
				CLANG_WARN_SUSPICIOUS_MOVE = YES;
				CLANG_WARN_UNGUARDED_AVAILABILITY = YES_AGGRESSIVE;
				CLANG_WARN_UNREACHABLE_CODE = YES;
				CLANG_WARN__DUPLICATE_METHOD_MATCH = YES;
				COPY_PHASE_STRIP = NO;
				DEBUG_INFORMATION_FORMAT = dwarf;
				ENABLE_STRICT_OBJC_MSGSEND = YES;
				ENABLE_TESTABILITY = YES;
				GCC_C_LANGUAGE_STANDARD = gnu11;
				GCC_DYNAMIC_NO_PIC = NO;
				GCC_NO_COMMON_BLOCKS = YES;
				GCC_OPTIMIZATION_LEVEL = 0;
				GCC_PREPROCESSOR_DEFINITIONS = (
					"DEBUG=1",
					"$(inherited)",
				);
				GCC_WARN_64_TO_32_BIT_CONVERSION = YES;
				GCC_WARN_ABOUT_RETURN_TYPE = YES_ERROR;
				GCC_WARN_UNDECLARED_SELECTOR = YES;
				GCC_WARN_UNINITIALIZED_AUTOS = YES_AGGRESSIVE;
				GCC_WARN_UNUSED_FUNCTION = YES;
				GCC_WARN_UNUSED_VARIABLE = YES;
				IPHONEOS_DEPLOYMENT_TARGET = 15.0;
				MTL_ENABLE_DEBUG_INFO = INCLUDE_SOURCE;
				MTL_FAST_MATH = YES;
				ONLY_ACTIVE_ARCH = YES;
				SDKROOT = iphoneos;
				SWIFT_ACTIVE_COMPILATION_CONDITIONS = DEBUG;
				SWIFT_OPTIMIZATION_LEVEL = "-Onone";
			};
			name = Debug;
		};
		A100003C /* Release */ = {
			isa = XCBuildConfiguration;
			buildSettings = {
				ALWAYS_SEARCH_USER_PATHS = NO;
				CLANG_ANALYZER_NONNULL = YES;
				CLANG_ANALYZER_NUMBER_OBJECT_CONVERSION = YES_AGGRESSIVE;
				CLANG_CXX_LANGUAGE_STANDARD = "gnu++17";
				CLANG_CXX_LIBRARY = "libc++";
				CLANG_ENABLE_MODULES = YES;
				CLANG_ENABLE_OBJC_ARC = YES;
				CLANG_ENABLE_OBJC_WEAK = YES;
				CLANG_WARN_BLOCK_CAPTURE_AUTORELEASING = YES;
				CLANG_WARN_BOOL_CONVERSION = YES;
				CLANG_WARN_COMMA = YES;
				CLANG_WARN_CONSTANT_CONVERSION = YES;
				CLANG_WARN_DEPRECATED_OBJC_PRIVATE_API = YES;
				CLANG_WARN_DIRECT_OBJC_ISA_USAGE = YES_ERROR;
				CLANG_WARN_DOCUMENTATION_COMMENTS = YES;
				CLANG_WARN_EMPTY_BODY = YES;
				CLANG_WARN_ENUM_CONVERSION = YES;
				CLANG_WARN_INFINITE_RECURSION = YES;
				CLANG_WARN_INT_CONVERSION = YES;
				CLANG_WARN_NON_LITERAL_NULL_CONVERSION = YES;
				CLANG_WARN_OBJC_IMPLICIT_RETAIN_SELF = YES;
				CLANG_WARN_OBJC_LITERAL_CONVERSION = YES;
				CLANG_WARN_OBJC_ROOT_CLASS = YES_ERROR;
				CLANG_WARN_QUOTED_INCLUDE_IN_FRAMEWORK_HEADER = YES;
				CLANG_WARN_RANGE_LOOP_ANALYSIS = YES;
				CLANG_WARN_STRICT_PROTOTYPES = YES;
				CLANG_WARN_SUSPICIOUS_MOVE = YES;
				CLANG_WARN_UNGUARDED_AVAILABILITY = YES_AGGRESSIVE;
				CLANG_WARN_UNREACHABLE_CODE = YES;
				CLANG_WARN__DUPLICATE_METHOD_MATCH = YES;
				COPY_PHASE_STRIP = NO;
				DEBUG_INFORMATION_FORMAT = "dwarf-with-dsym";
				ENABLE_NS_ASSERTIONS = NO;
				ENABLE_STRICT_OBJC_MSGSEND = YES;
				GCC_C_LANGUAGE_STANDARD = gnu11;
				GCC_NO_COMMON_BLOCKS = YES;
				GCC_WARN_64_TO_32_BIT_CONVERSION = YES;
				GCC_WARN_ABOUT_RETURN_TYPE = YES_ERROR;
				GCC_WARN_UNDECLARED_SELECTOR = YES;
				GCC_WARN_UNINITIALIZED_AUTOS = YES_AGGRESSIVE;
				GCC_WARN_UNUSED_FUNCTION = YES;
				GCC_WARN_UNUSED_VARIABLE = YES;
				IPHONEOS_DEPLOYMENT_TARGET = 15.0;
				MTL_ENABLE_DEBUG_INFO = NO;
				MTL_FAST_MATH = YES;
				SDKROOT = iphoneos;
				SWIFT_COMPILATION_MODE = wholemodule;
				SWIFT_OPTIMIZATION_LEVEL = "-O";
				VALIDATE_PRODUCT = YES;
			};
			name = Release;
		};
		A100003D /* Debug */ = {
			isa = XCBuildConfiguration;
			buildSettings = {
				ASSETCATALOG_COMPILER_APPICON_NAME = AppIcon;
				ASSETCATALOG_COMPILER_GLOBAL_ACCENT_COLOR_NAME = AccentColor;
				CODE_SIGN_STYLE = Automatic;
				CURRENT_PROJECT_VERSION = 1;
				DEVELOPMENT_TEAM = Q83U52SPD3;
				GENERATE_INFOPLIST_FILE = YES;
				INFOPLIST_KEY_UIApplicationSceneManifest_Generation = YES;
				INFOPLIST_KEY_UILaunchScreen_Generation = YES;
				LD_RUNPATH_SEARCH_PATHS = (
					"$(inherited)",
					"@executable_path/Frameworks",
				);
				MARKETING_VERSION = 1.0;
				PRODUCT_BUNDLE_IDENTIFIER = com.nanapoppy.NanaPoppy;
				PRODUCT_NAME = "$(TARGET_NAME)";
				SWIFT_EMIT_LOC_STRINGS = YES;
				SWIFT_VERSION = 5.0;
				TARGETED_DEVICE_FAMILY = "1,2";
			};
			name = Debug;
		};
		A100003E /* Release */ = {
			isa = XCBuildConfiguration;
			buildSettings = {
				ASSETCATALOG_COMPILER_APPICON_NAME = AppIcon;
				ASSETCATALOG_COMPILER_GLOBAL_ACCENT_COLOR_NAME = AccentColor;
				CODE_SIGN_STYLE = Automatic;
				CURRENT_PROJECT_VERSION = 1;
				DEVELOPMENT_TEAM = Q83U52SPD3;
				GENERATE_INFOPLIST_FILE = YES;
				INFOPLIST_KEY_UIApplicationSceneManifest_Generation = YES;
				INFOPLIST_KEY_UILaunchScreen_Generation = YES;
				LD_RUNPATH_SEARCH_PATHS = (
					"$(inherited)",
					"@executable_path/Frameworks",
				);
				MARKETING_VERSION = 1.0;
				PRODUCT_BUNDLE_IDENTIFIER = com.nanapoppy.NanaPoppy;
				PRODUCT_NAME = "$(TARGET_NAME)";
				SWIFT_EMIT_LOC_STRINGS = YES;
				SWIFT_VERSION = 5.0;
				TARGETED_DEVICE_FAMILY = "1,2";
			};
			name = Release;
		};
		A100003F /* Debug */ = {
			isa = XCBuildConfiguration;
			buildSettings = {
				BUNDLE_LOADER = "$(TEST_HOST)";
				CODE_SIGN_STYLE = Automatic;
				CURRENT_PROJECT_VERSION = 1;
				GENERATE_INFOPLIST_FILE = YES;
				MARKETING_VERSION = 1.0;
				PRODUCT_BUNDLE_IDENTIFIER = com.nanapoppy.NanaPoppyTests;
				PRODUCT_NAME = "$(TARGET_NAME)";
				SWIFT_EMIT_LOC_STRINGS = NO;
				SWIFT_VERSION = 5.0;
				TEST_HOST = "$(BUILT_PRODUCTS_DIR)/NanaPoppy.app/NanaPoppy";
			};
			name = Debug;
		};
		A1000040 /* Release */ = {
			isa = XCBuildConfiguration;
			buildSettings = {
				BUNDLE_LOADER = "$(TEST_HOST)";
				CODE_SIGN_STYLE = Automatic;
				CURRENT_PROJECT_VERSION = 1;
				GENERATE_INFOPLIST_FILE = YES;
				MARKETING_VERSION = 1.0;
				PRODUCT_BUNDLE_IDENTIFIER = com.nanapoppy.NanaPoppyTests;
				PRODUCT_NAME = "$(TARGET_NAME)";
				SWIFT_EMIT_LOC_STRINGS = NO;
				SWIFT_VERSION = 5.0;
				TEST_HOST = "$(BUILT_PRODUCTS_DIR)/NanaPoppy.app/NanaPoppy";
			};
			name = Release;
		};
/* End XCBuildConfiguration section */

/* Begin XCConfigurationList section */
		A1000032 /* Build configuration list for PBXNativeTarget "NanaPoppy" */ = {
			isa = XCConfigurationList;
			buildConfigurations = (
				A100003D /* Debug */,
				A100003E /* Release */,
			);
			defaultConfigurationIsVisible = 0;
			defaultConfigurationName = Release;
		};
		A1000036 /* Build configuration list for PBXNativeTarget "NanaPoppyTests" */ = {
			isa = XCConfigurationList;
			buildConfigurations = (
				A100003F /* Debug */,
				A1000040 /* Release */,
			);
			defaultConfigurationIsVisible = 0;
			defaultConfigurationName = Release;
		};
		A100003A /* Build configuration list for PBXProject "NanaPoppy" */ = {
			isa = XCConfigurationList;
			buildConfigurations = (
				A100003B /* Debug */,
				A100003C /* Release */,
			);
			defaultConfigurationIsVisible = 0;
			defaultConfigurationName = Release;
		};
/* End XCConfigurationList section */

/* Begin XCRemoteSwiftPackageReference section */
		A1000041 /* XCRemoteSwiftPackageReference "ZIPFoundation" */ = {
			isa = XCRemoteSwiftPackageReference;
			repositoryURL = "https://github.com/weichsel/ZIPFoundation.git";
			requirement = {
				kind = upToNextMajorVersion;
				minimumVersion = 0.9.0;
			};
		};
/* End XCRemoteSwiftPackageReference section */

/* Begin XCSwiftPackageProductDependency section */
		A1000042 /* ZIPFoundation */ = {
			isa = XCSwiftPackageProductDependency;
			package = A1000041 /* XCRemoteSwiftPackageReference "ZIPFoundation" */;
			productName = ZIPFoundation;
		};
/* End XCSwiftPackageProductDependency section */
	};
	rootObject = A1000026 /* Project object */;
}
